<?xml version="1.0" encoding="utf-8"?>
<Project ToolsVersion="4.0" xmlns="http://schemas.microsoft.com/developer/msbuild/2003">
  <ItemGroup>
    <Filter Include="Файлы исходного кода">
      <UniqueIdentifier>{4FC737F1-C7A5-4376-A066-2A32D752A2FF}</UniqueIdentifier>
      <Extensions>cpp;c;cc;cxx;def;odl;idl;hpj;bat;asm;asmx</Extensions>
    </Filter>
    <Filter Include="Заголовочные файлы">
      <UniqueIdentifier>{93995380-89BD-4b04-88EB-625FBE52EBFB}</UniqueIdentifier>
      <Extensions>h;hh;hpp;hxx;hm;inl;inc;xsd</Extensions>
    </Filter>
    <Filter Include="Файлы ресурсов">
      <UniqueIdentifier>{67DA6AB6-F800-4c08-8B7A-83BB121AAD01}</UniqueIdentifier>
      <Extensions>rc;ico;cur;bmp;dlg;rc2;rct;bin;rgs;gif;jpg;jpeg;jpe;resx;tiff;tif;png;wav;mfcribbon-ms</Extensions>
    </Filter>
    <Filter Include="Файлы исходного кода\Engine">
      <UniqueIdentifier>{1e24909d-22e5-45ea-a8cd-d2e00c3e8047}</UniqueIdentifier>
    </Filter>
    <Filter Include="Файлы исходного кода\Game">
      <UniqueIdentifier>{b5cf6419-2afb-4d04-bcd6-c7e4318ab05a}</UniqueIdentifier>
    </Filter>
    <Filter Include="Заголовочные файлы\Engine">
      <UniqueIdentifier>{2cfcd3fc-c26f-48bd-8f26-74223a2faf9e}</UniqueIdentifier>
    </Filter>
    <Filter Include="Заголовочные файлы\Game">
      <UniqueIdentifier>{439991cd-8b4e-46ab-8dd1-4b4c0c352c4c}</UniqueIdentifier>
    </Filter>
  </ItemGroup>
  <ItemGroup>
    <ClCompile Include="Vector2.cpp">
      <Filter>Файлы исходного кода\Engine</Filter>
    </ClCompile>
    <ClCompile Include="Color.cpp">
      <Filter>Файлы исходного кода\Engine</Filter>
    </ClCompile>
    <ClCompile Include="Graphics2D.cpp">
      <Filter>Файлы исходного кода\Engine</Filter>
    </ClCompile>
    <ClCompile Include="Screen.cpp">
      <Filter>Файлы исходного кода\Engine</Filter>
    </ClCompile>
    <ClCompile Include="main.cpp">
      <Filter>Файлы исходного кода\Game</Filter>
    </ClCompile>
  </ItemGroup>
  <ItemGroup>
    <ClInclude Include="Color.h">
      <Filter>Заголовочные файлы\Engine</Filter>
    </ClInclude>
    <ClInclude Include="Graphics2D.h">
      <Filter>Заголовочные файлы\Engine</Filter>
    </ClInclude>
    <ClInclude Include="Screen.h">
      <Filter>Заголовочные файлы\Engine</Filter>
    </ClInclude>
    <ClInclude Include="Vector2.h">
      <Filter>Заголовочные файлы\Engine</Filter>
    </ClInclude>
  </ItemGroup>
</Project>